{
    "_meta": {
        "hash": {
            "sha256": "3a9fdc32caa993feef6d7a20a9ee0383019bcafd7317648ab935b460428f27b7"
        },
        "host-environment-markers": {
            "implementation_name": "cpython",
            "implementation_version": "3.6.5",
            "os_name": "posix",
            "platform_machine": "x86_64",
            "platform_python_implementation": "CPython",
            "platform_release": "5.1.16-gentoo",
            "platform_system": "Linux",
            "platform_version": "#3 SMP Mon Jul 29 17:21:41 CDT 2019",
            "python_full_version": "3.6.5",
            "python_version": "3.6",
            "sys_platform": "linux"
        },
        "pipfile-spec": 6,
        "requires": {},
        "sources": [
            {
                "name": "pypi",
                "url": "https://pypi.python.org/simple",
                "verify_ssl": true
            }
        ]
    },
    "default": {
        "attrs": {
            "hashes": [
                "sha256:69c0dbf2ed392de1cb5ec704444b08a5ef81680a61cb899dc08127123af36a79",
                "sha256:f0b870f674851ecbfbbbd364d6b5cbdff9dcedbc7f3f5e18a6891057f21fe399"
            ],
            "version": "==19.1.0"
        },
        "hypothesis": {
            "hashes": [
                "sha256:76638e3181761bd3a527e5b51b7a2ef8e30c3a3373128ba43d4462d8bf2a864f",
                "sha256:c6d4ba47bc97e4651fccd692d6cecca9c1ad673f114107e4d37419d5fc172ee2"
            ],
            "version": "==4.32.3"
        }
    },
    "develop": {}
}
